
Microsoft Visual Studio Solution File, Format Version 12.00
# Visual Studio Version 16
VisualStudioVersion = 16.0.30804.86
MinimumVisualStudioVersion = 10.0.40219.1
Project("{9A19103F-16F7-4668-BE54-9A1E7A4F7556}") = "Cats.Build.Blacklist", "Cats.Build.Blacklist\Cats.Build.Blacklist.csproj", "{AF91D5FB-3983-41BD-A923-3966E42E0270}"
EndProject
Project("{FAE04EC0-301F-11D3-BF4B-00C04F79EFBC}") = "Cats.Build.Blacklist.Tests", "Cats.Build.Blacklist.Tests\Cats.Build.Blacklist.Tests.csproj", "{C6F4E8F1-92C8-4449-AC07-6504B75C96FE}"
EndProject
Project("{9A19103F-16F7-4668-BE54-9A1E7A4F7556}") = "Cats.Build.Blacklist.Core", "Cats.Build.Blacklist.Core\Cats.Build.Blacklist.Core.csproj", "{02F7E87D-CF3E-4125-BCB9-CD276CD30991}"
EndProject
Project("{2150E333-8FDC-42A3-9474-1A3956D46DE8}") = "Solution Items", "Solution Items", "{8357A5DD-8400-439D-815F-752408E427C7}"
	ProjectSection(SolutionItems) = preProject
		.editorconfig = .editorconfig
	EndProjectSection
EndProject
Global
	GlobalSection(SolutionConfigurationPlatforms) = preSolution
		Debug|Any CPU = Debug|Any CPU
		Release|Any CPU = Release|Any CPU
	EndGlobalSection
	GlobalSection(ProjectConfigurationPlatforms) = postSolution
		{AF91D5FB-3983-41BD-A923-3966E42E0270}.Debug|Any CPU.ActiveCfg = Debug|Any CPU
		{AF91D5FB-3983-41BD-A923-3966E42E0270}.Debug|Any CPU.Build.0 = Debug|Any CPU
		{AF91D5FB-3983-41BD-A923-3966E42E0270}.Release|Any CPU.ActiveCfg = Release|Any CPU
		{AF91D5FB-3983-41BD-A923-3966E42E0270}.Release|Any CPU.Build.0 = Release|Any CPU
		{C6F4E8F1-92C8-4449-AC07-6504B75C96FE}.Debug|Any CPU.ActiveCfg = Debug|Any CPU
		{C6F4E8F1-92C8-4449-AC07-6504B75C96FE}.Debug|Any CPU.Build.0 = Debug|Any CPU
		{C6F4E8F1-92C8-4449-AC07-6504B75C96FE}.Release|Any CPU.ActiveCfg = Release|Any CPU
		{C6F4E8F1-92C8-4449-AC07-6504B75C96FE}.Release|Any CPU.Build.0 = Release|Any CPU
		{02F7E87D-CF3E-4125-BCB9-CD276CD30991}.Debug|Any CPU.ActiveCfg = Debug|Any CPU
		{02F7E87D-CF3E-4125-BCB9-CD276CD30991}.Debug|Any CPU.Build.0 = Debug|Any CPU
		{02F7E87D-CF3E-4125-BCB9-CD276CD30991}.Release|Any CPU.ActiveCfg = Release|Any CPU
		{02F7E87D-CF3E-4125-BCB9-CD276CD30991}.Release|Any CPU.Build.0 = Release|Any CPU
	EndGlobalSection
	GlobalSection(SolutionProperties) = preSolution
		HideSolutionNode = FALSE
	EndGlobalSection
	GlobalSection(ExtensibilityGlobals) = postSolution
		SolutionGuid = {A3CC9278-6207-4F13-8C3A-08CDF94467E4}
	EndGlobalSection
EndGlobal
